// !$*UTF8*$!
{
	archiveVersion = 1;
	classes = {
	};
	objectVersion = 46;
	objects = {

/* Begin PBXBuildFile section */
		269B39371C0FE55700EFA291 /* main.m in Sources */ = {isa = PBXBuildFile; fileRef = 269B39361C0FE55700EFA291 /* main.m */; };
		269B393A1C0FE55700EFA291 /* AppDelegate.m in Sources */ = {isa = PBXBuildFile; fileRef = 269B39391C0FE55700EFA291 /* AppDelegate.m */; };
		269B393D1C0FE55700EFA291 /* ViewController.m in Sources */ = {isa = PBXBuildFile; fileRef = 269B393C1C0FE55700EFA291 /* ViewController.m */; };
		269B39401C0FE55700EFA291 /* Main.storyboard in Resources */ = {isa = PBXBuildFile; fileRef = 269B393E1C0FE55700EFA291 /* Main.storyboard */; };
		269B39421C0FE55700EFA291 /* Assets.xcassets in Resources */ = {isa = PBXBuildFile; fileRef = 269B39411C0FE55700EFA291 /* Assets.xcassets */; };
		269B39451C0FE55700EFA291 /* LaunchScreen.storyboard in Resources */ = {isa = PBXBuildFile; fileRef = 269B39431C0FE55700EFA291 /* LaunchScreen.storyboard */; };
		269B39501C0FE55800EFA291 /* NFLStadiumsTests.m in Sources */ = {isa = PBXBuildFile; fileRef = 269B394F1C0FE55800EFA291 /* NFLStadiumsTests.m */; };
		269B395B1C0FE55800EFA291 /* NFLStadiumsUITests.m in Sources */ = {isa = PBXBuildFile; fileRef = 269B395A1C0FE55800EFA291 /* NFLStadiumsUITests.m */; };
		269B396A1C0FE69900EFA291 /* VenueData.m in Sources */ = {isa = PBXBuildFile; fileRef = 269B39691C0FE69900EFA291 /* VenueData.m */; };
		269B396D1C10D49000EFA291 /* StadiumDetail.m in Sources */ = {isa = PBXBuildFile; fileRef = 269B396C1C10D49000EFA291 /* StadiumDetail.m */; };
		269B39721C10D6DC00EFA291 /* Color.m in Sources */ = {isa = PBXBuildFile; fileRef = 269B39711C10D6DC00EFA291 /* Color.m */; };
		26EF879B1C1107810042EA06 /* ipad.storyboard in Resources */ = {isa = PBXBuildFile; fileRef = 26EF879A1C1107810042EA06 /* ipad.storyboard */; };
		26EF87E01C1109F10042EA06 /* iPadMasterViewControllerTableViewController.m in Sources */ = {isa = PBXBuildFile; fileRef = 26EF87DF1C1109F10042EA06 /* iPadMasterViewControllerTableViewController.m */; };
		26EF87E31C11108E0042EA06 /* DetailiPadViewController.m in Sources */ = {isa = PBXBuildFile; fileRef = 26EF87E21C11108E0042EA06 /* DetailiPadViewController.m */; };
/* End PBXBuildFile section */

/* Begin PBXContainerItemProxy section */
		269B394C1C0FE55800EFA291 /* PBXContainerItemProxy */ = {
			isa = PBXContainerItemProxy;
			containerPortal = 269B392A1C0FE55700EFA291 /* Project object */;
			proxyType = 1;
			remoteGlobalIDString = 269B39311C0FE55700EFA291;
			remoteInfo = NFLStadiums;
		};
		269B39571C0FE55800EFA291 /* PBXContainerItemProxy */ = {
			isa = PBXContainerItemProxy;
			containerPortal = 269B392A1C0FE55700EFA291 /* Project object */;
			proxyType = 1;
			remoteGlobalIDString = 269B39311C0FE55700EFA291;
			remoteInfo = NFLStadiums;
		};
/* End PBXContainerItemProxy section */

/* Begin PBXFileReference section */
		269B39321C0FE55700EFA291 /* NFLStadiums.app */ = {isa = PBXFileReference; explicitFileType = wrapper.application; includeInIndex = 0; path = NFLStadiums.app; sourceTree = BUILT_PRODUCTS_DIR; };
		269B39361C0FE55700EFA291 /* main.m */ = {isa = PBXFileReference; lastKnownFileType = sourcecode.c.objc; path = main.m; sourceTree = "<group>"; };
		269B39381C0FE55700EFA291 /* AppDelegate.h */ = {isa = PBXFileReference; lastKnownFileType = sourcecode.c.h; path = AppDelegate.h; sourceTree = "<group>"; };
		269B39391C0FE55700EFA291 /* AppDelegate.m */ = {isa = PBXFileReference; lastKnownFileType = sourcecode.c.objc; path = AppDelegate.m; sourceTree = "<group>"; };
		269B393B1C0FE55700EFA291 /* ViewController.h */ = {isa = PBXFileReference; lastKnownFileType = sourcecode.c.h; path = ViewController.h; sourceTree = "<group>"; };
		269B393C1C0FE55700EFA291 /* ViewController.m */ = {isa = PBXFileReference; lastKnownFileType = sourcecode.c.objc; path = ViewController.m; sourceTree = "<group>"; };
		269B393F1C0FE55700EFA291 /* Base */ = {isa = PBXFileReference; lastKnownFileType = file.storyboard; name = Base; path = Base.lproj/Main.storyboard; sourceTree = "<group>"; };
		269B39411C0FE55700EFA291 /* Assets.xcassets */ = {isa = PBXFileReference; lastKnownFileType = folder.assetcatalog; path = Assets.xcassets; sourceTree = "<group>"; };
		269B39441C0FE55700EFA291 /* Base */ = {isa = PBXFileReference; lastKnownFileType = file.storyboard; name = Base; path = Base.lproj/LaunchScreen.storyboard; sourceTree = "<group>"; };
		269B39461C0FE55700EFA291 /* Info.plist */ = {isa = PBXFileReference; lastKnownFileType = text.plist.xml; path = Info.plist; sourceTree = "<group>"; };
		269B394B1C0FE55800EFA291 /* NFLStadiumsTests.xctest */ = {isa = PBXFileReference; explicitFileType = wrapper.cfbundle; includeInIndex = 0; path = NFLStadiumsTests.xctest; sourceTree = BUILT_PRODUCTS_DIR; };
		269B394F1C0FE55800EFA291 /* NFLStadiumsTests.m */ = {isa = PBXFileReference; lastKnownFileType = sourcecode.c.objc; path = NFLStadiumsTests.m; sourceTree = "<group>"; };
		269B39511C0FE55800EFA291 /* Info.plist */ = {isa = PBXFileReference; lastKnownFileType = text.plist.xml; path = Info.plist; sourceTree = "<group>"; };
		269B39561C0FE55800EFA291 /* NFLStadiumsUITests.xctest */ = {isa = PBXFileReference; explicitFileType = wrapper.cfbundle; includeInIndex = 0; path = NFLStadiumsUITests.xctest; sourceTree = BUILT_PRODUCTS_DIR; };
		269B395A1C0FE55800EFA291 /* NFLStadiumsUITests.m */ = {isa = PBXFileReference; lastKnownFileType = sourcecode.c.objc; path = NFLStadiumsUITests.m; sourceTree = "<group>"; };
		269B395C1C0FE55800EFA291 /* Info.plist */ = {isa = PBXFileReference; lastKnownFileType = text.plist.xml; path = Info.plist; sourceTree = "<group>"; };
		269B39681C0FE69900EFA291 /* VenueData.h */ = {isa = PBXFileReference; fileEncoding = 4; lastKnownFileType = sourcecode.c.h; path = VenueData.h; sourceTree = "<group>"; };
		269B39691C0FE69900EFA291 /* VenueData.m */ = {isa = PBXFileReference; fileEncoding = 4; lastKnownFileType = sourcecode.c.objc; path = VenueData.m; sourceTree = "<group>"; };
		269B396B1C10D49000EFA291 /* StadiumDetail.h */ = {isa = PBXFileReference; fileEncoding = 4; lastKnownFileType = sourcecode.c.h; path = StadiumDetail.h; sourceTree = "<group>"; };
		269B396C1C10D49000EFA291 /* StadiumDetail.m */ = {isa = PBXFileReference; fileEncoding = 4; lastKnownFileType = sourcecode.c.objc; path = StadiumDetail.m; sourceTree = "<group>"; };
		269B39701C10D6DC00EFA291 /* Color.h */ = {isa = PBXFileReference; fileEncoding = 4; lastKnownFileType = sourcecode.c.h; path = Color.h; sourceTree = "<group>"; };
		269B39711C10D6DC00EFA291 /* Color.m */ = {isa = PBXFileReference; fileEncoding = 4; lastKnownFileType = sourcecode.c.objc; path = Color.m; sourceTree = "<group>"; };
		26EF879A1C1107810042EA06 /* ipad.storyboard */ = {isa = PBXFileReference; fileEncoding = 4; lastKnownFileType = file.storyboard; name = ipad.storyboard; path = ../ipad.storyboard; sourceTree = "<group>"; };
		26EF87DE1C1109F10042EA06 /* iPadMasterViewControllerTableViewController.h */ = {isa = PBXFileReference; fileEncoding = 4; lastKnownFileType = sourcecode.c.h; name = iPadMasterViewControllerTableViewController.h; path = ../iPadMasterViewControllerTableViewController.h; sourceTree = "<group>"; };
		26EF87DF1C1109F10042EA06 /* iPadMasterViewControllerTableViewController.m */ = {isa = PBXFileReference; fileEncoding = 4; lastKnownFileType = sourcecode.c.objc; name = iPadMasterViewControllerTableViewController.m; path = ../iPadMasterViewControllerTableViewController.m; sourceTree = "<group>"; };
		26EF87E11C11108E0042EA06 /* DetailiPadViewController.h */ = {isa = PBXFileReference; fileEncoding = 4; lastKnownFileType = sourcecode.c.h; path = DetailiPadViewController.h; sourceTree = "<group>"; };
		26EF87E21C11108E0042EA06 /* DetailiPadViewController.m */ = {isa = PBXFileReference; fileEncoding = 4; lastKnownFileType = sourcecode.c.objc; path = DetailiPadViewController.m; sourceTree = "<group>"; };
/* End PBXFileReference section */

/* Begin PBXFrameworksBuildPhase section */
		269B392F1C0FE55700EFA291 /* Frameworks */ = {
			isa = PBXFrameworksBuildPhase;
			buildActionMask = 2147483647;
			files = (
			);
			runOnlyForDeploymentPostprocessing = 0;
		};
		269B39481C0FE55800EFA291 /* Frameworks */ = {
			isa = PBXFrameworksBuildPhase;
			buildActionMask = 2147483647;
			files = (
			);
			runOnlyForDeploymentPostprocessing = 0;
		};
		269B39531C0FE55800EFA291 /* Frameworks */ = {
			isa = PBXFrameworksBuildPhase;
			buildActionMask = 2147483647;
			files = (
			);
			runOnlyForDeploymentPostprocessing = 0;
		};
/* End PBXFrameworksBuildPhase section */

/* Begin PBXGroup section */
		269B39291C0FE55700EFA291 = {
			isa = PBXGroup;
			children = (
				269B39341C0FE55700EFA291 /* NFLStadiums */,
				269B394E1C0FE55800EFA291 /* NFLStadiumsTests */,
				269B39591C0FE55800EFA291 /* NFLStadiumsUITests */,
				269B39331C0FE55700EFA291 /* Products */,
			);
			sourceTree = "<group>";
		};
		269B39331C0FE55700EFA291 /* Products */ = {
			isa = PBXGroup;
			children = (
				269B39321C0FE55700EFA291 /* NFLStadiums.app */,
				269B394B1C0FE55800EFA291 /* NFLStadiumsTests.xctest */,
				269B39561C0FE55800EFA291 /* NFLStadiumsUITests.xctest */,
			);
			name = Products;
			sourceTree = "<group>";
		};
		269B39341C0FE55700EFA291 /* NFLStadiums */ = {
			isa = PBXGroup;
			children = (
				269B39381C0FE55700EFA291 /* AppDelegate.h */,
				269B39391C0FE55700EFA291 /* AppDelegate.m */,
				26EF87E41C11C4C00042EA06 /* View */,
				269B396F1C10D55200EFA291 /* Controller */,
				269B396E1C10D54400EFA291 /* Model */,
				269B39411C0FE55700EFA291 /* Assets.xcassets */,
				269B39431C0FE55700EFA291 /* LaunchScreen.storyboard */,
				269B39461C0FE55700EFA291 /* Info.plist */,
				269B39351C0FE55700EFA291 /* Supporting Files */,
			);
			path = NFLStadiums;
			sourceTree = "<group>";
		};
		269B39351C0FE55700EFA291 /* Supporting Files */ = {
			isa = PBXGroup;
			children = (
				269B39361C0FE55700EFA291 /* main.m */,
			);
			name = "Supporting Files";
			sourceTree = "<group>";
		};
		269B394E1C0FE55800EFA291 /* NFLStadiumsTests */ = {
			isa = PBXGroup;
			children = (
				269B394F1C0FE55800EFA291 /* NFLStadiumsTests.m */,
				269B39511C0FE55800EFA291 /* Info.plist */,
			);
			path = NFLStadiumsTests;
			sourceTree = "<group>";
		};
		269B39591C0FE55800EFA291 /* NFLStadiumsUITests */ = {
			isa = PBXGroup;
			children = (
				269B395A1C0FE55800EFA291 /* NFLStadiumsUITests.m */,
				269B395C1C0FE55800EFA291 /* Info.plist */,
			);
			path = NFLStadiumsUITests;
			sourceTree = "<group>";
		};
		269B396E1C10D54400EFA291 /* Model */ = {
			isa = PBXGroup;
			children = (
				269B39681C0FE69900EFA291 /* VenueData.h */,
				269B39691C0FE69900EFA291 /* VenueData.m */,
				269B39701C10D6DC00EFA291 /* Color.h */,
				269B39711C10D6DC00EFA291 /* Color.m */,
			);
			name = Model;
			sourceTree = "<group>";
		};
		269B396F1C10D55200EFA291 /* Controller */ = {
			isa = PBXGroup;
			children = (
				26EF87E11C11108E0042EA06 /* DetailiPadViewController.h */,
				26EF87E21C11108E0042EA06 /* DetailiPadViewController.m */,
				26EF87DE1C1109F10042EA06 /* iPadMasterViewControllerTableViewController.h */,
				26EF87DF1C1109F10042EA06 /* iPadMasterViewControllerTableViewController.m */,
				269B396B1C10D49000EFA291 /* StadiumDetail.h */,
				269B396C1C10D49000EFA291 /* StadiumDetail.m */,
				269B393B1C0FE55700EFA291 /* ViewController.h */,
				269B393C1C0FE55700EFA291 /* ViewController.m */,
			);
			name = Controller;
			sourceTree = "<group>";
		};
		26EF87E41C11C4C00042EA06 /* View */ = {
			isa = PBXGroup;
			children = (
				269B393E1C0FE55700EFA291 /* Main.storyboard */,
				26EF879A1C1107810042EA06 /* ipad.storyboard */,
			);
			name = View;
			sourceTree = "<group>";
		};
/* End PBXGroup section */

/* Begin PBXNativeTarget section */
		269B39311C0FE55700EFA291 /* NFLStadiums */ = {
			isa = PBXNativeTarget;
			buildConfigurationList = 269B395F1C0FE55800EFA291 /* Build configuration list for PBXNativeTarget "NFLStadiums" */;
			buildPhases = (
				269B392E1C0FE55700EFA291 /* Sources */,
				269B392F1C0FE55700EFA291 /* Frameworks */,
				269B39301C0FE55700EFA291 /* Resources */,
			);
			buildRules = (
			);
			dependencies = (
			);
			name = NFLStadiums;
			productName = NFLStadiums;
			productReference = 269B39321C0FE55700EFA291 /* NFLStadiums.app */;
			productType = "com.apple.product-type.application";
		};
		269B394A1C0FE55800EFA291 /* NFLStadiumsTests */ = {
			isa = PBXNativeTarget;
			buildConfigurationList = 269B39621C0FE55800EFA291 /* Build configuration list for PBXNativeTarget "NFLStadiumsTests" */;
			buildPhases = (
				269B39471C0FE55800EFA291 /* Sources */,
				269B39481C0FE55800EFA291 /* Frameworks */,
				269B39491C0FE55800EFA291 /* Resources */,
			);
			buildRules = (
			);
			dependencies = (
				269B394D1C0FE55800EFA291 /* PBXTargetDependency */,
			);
			name = NFLStadiumsTests;
			productName = NFLStadiumsTests;
			productReference = 269B394B1C0FE55800EFA291 /* NFLStadiumsTests.xctest */;
			productType = "com.apple.product-type.bundle.unit-test";
		};
		269B39551C0FE55800EFA291 /* NFLStadiumsUITests */ = {
			isa = PBXNativeTarget;
			buildConfigurationList = 269B39651C0FE55800EFA291 /* Build configuration list for PBXNativeTarget "NFLStadiumsUITests" */;
			buildPhases = (
				269B39521C0FE55800EFA291 /* Sources */,
				269B39531C0FE55800EFA291 /* Frameworks */,
				269B39541C0FE55800EFA291 /* Resources */,
			);
			buildRules = (
			);
			dependencies = (
				269B39581C0FE55800EFA291 /* PBXTargetDependency */,
			);
			name = NFLStadiumsUITests;
			productName = NFLStadiumsUITests;
			productReference = 269B39561C0FE55800EFA291 /* NFLStadiumsUITests.xctest */;
			productType = "com.apple.product-type.bundle.ui-testing";
		};
/* End PBXNativeTarget section */

/* Begin PBXProject section */
		269B392A1C0FE55700EFA291 /* Project object */ = {
			isa = PBXProject;
			attributes = {
				LastUpgradeCheck = 0710;
				ORGANIZATIONNAME = "Michael Sevy";
				TargetAttributes = {
					269B39311C0FE55700EFA291 = {
						CreatedOnToolsVersion = 7.1.1;
						DevelopmentTeam = TKVBVK4237;
					};
					269B394A1C0FE55800EFA291 = {
						CreatedOnToolsVersion = 7.1.1;
						DevelopmentTeam = TKVBVK4237;
						TestTargetID = 269B39311C0FE55700EFA291;
					};
					269B39551C0FE55800EFA291 = {
						CreatedOnToolsVersion = 7.1.1;
						DevelopmentTeam = TKVBVK4237;
						TestTargetID = 269B39311C0FE55700EFA291;
					};
				};
			};
			buildConfigurationList = 269B392D1C0FE55700EFA291 /* Build configuration list for PBXProject "NFLStadiums" */;
			compatibilityVersion = "Xcode 3.2";
			developmentRegion = English;
			hasScannedForEncodings = 0;
			knownRegions = (
				en,
				Base,
			);
			mainGroup = 269B39291C0FE55700EFA291;
			productRefGroup = 269B39331C0FE55700EFA291 /* Products */;
			projectDirPath = "";
			projectRoot = "";
			targets = (
				269B39311C0FE55700EFA291 /* NFLStadiums */,
				269B394A1C0FE55800EFA291 /* NFLStadiumsTests */,
				269B39551C0FE55800EFA291 /* NFLStadiumsUITests */,
			);
		};
/* End PBXProject section */

/* Begin PBXResourcesBuildPhase section */
		269B39301C0FE55700EFA291 /* Resources */ = {
			isa = PBXResourcesBuildPhase;
			buildActionMask = 2147483647;
			files = (
				26EF879B1C1107810042EA06 /* ipad.storyboard in Resources */,
				269B39451C0FE55700EFA291 /* LaunchScreen.storyboard in Resources */,
				269B39421C0FE55700EFA291 /* Assets.xcassets in Resources */,
				269B39401C0FE55700EFA291 /* Main.storyboard in Resources */,
			);
			runOnlyForDeploymentPostprocessing = 0;
		};
		269B39491C0FE55800EFA291 /* Resources */ = {
			isa = PBXResourcesBuildPhase;
			buildActionMask = 2147483647;
			files = (
			);
			runOnlyForDeploymentPostprocessing = 0;
		};
		269B39541C0FE55800EFA291 /* Resources */ = {
			isa = PBXResourcesBuildPhase;
			buildActionMask = 2147483647;
			files = (
			);
			runOnlyForDeploymentPostprocessing = 0;
		};
/* End PBXResourcesBuildPhase section */

/* Begin PBXSourcesBuildPhase section */
		269B392E1C0FE55700EFA291 /* Sources */ = {
			isa = PBXSourcesBuildPhase;
			buildActionMask = 2147483647;
			files = (
				269B393D1C0FE55700EFA291 /* ViewController.m in Sources */,
				269B393A1C0FE55700EFA291 /* AppDelegate.m in Sources */,
				269B39371C0FE55700EFA291 /* main.m in Sources */,
				26EF87E01C1109F10042EA06 /* iPadMasterViewControllerTableViewController.m in Sources */,
				269B39721C10D6DC00EFA291 /* Color.m in Sources */,
				26EF87E31C11108E0042EA06 /* DetailiPadViewController.m in Sources */,
				269B396A1C0FE69900EFA291 /* VenueData.m in Sources */,
				269B396D1C10D49000EFA291 /* StadiumDetail.m in Sources */,
			);
			runOnlyForDeploymentPostprocessing = 0;
		};
		269B39471C0FE55800EFA291 /* Sources */ = {
			isa = PBXSourcesBuildPhase;
			buildActionMask = 2147483647;
			files = (
				269B39501C0FE55800EFA291 /* NFLStadiumsTests.m in Sources */,
			);
			runOnlyForDeploymentPostprocessing = 0;
		};
		269B39521C0FE55800EFA291 /* Sources */ = {
			isa = PBXSourcesBuildPhase;
			buildActionMask = 2147483647;
			files = (
				269B395B1C0FE55800EFA291 /* NFLStadiumsUITests.m in Sources */,
			);
			runOnlyForDeploymentPostprocessing = 0;
		};
/* End PBXSourcesBuildPhase section */

/* Begin PBXTargetDependency section */
		269B394D1C0FE55800EFA291 /* PBXTargetDependency */ = {
			isa = PBXTargetDependency;
			target = 269B39311C0FE55700EFA291 /* NFLStadiums */;
			targetProxy = 269B394C1C0FE55800EFA291 /* PBXContainerItemProxy */;
		};
		269B39581C0FE55800EFA291 /* PBXTargetDependency */ = {
			isa = PBXTargetDependency;
			target = 269B39311C0FE55700EFA291 /* NFLStadiums */;
			targetProxy = 269B39571C0FE55800EFA291 /* PBXContainerItemProxy */;
		};
/* End PBXTargetDependency section */

/* Begin PBXVariantGroup section */
		269B393E1C0FE55700EFA291 /* Main.storyboard */ = {
			isa = PBXVariantGroup;
			children = (
				269B393F1C0FE55700EFA291 /* Base */,
			);
			name = Main.storyboard;
			sourceTree = "<group>";
		};
		269B39431C0FE55700EFA291 /* LaunchScreen.storyboard */ = {
			isa = PBXVariantGroup;
			children = (
				269B39441C0FE55700EFA291 /* Base */,
			);
			name = LaunchScreen.storyboard;
			sourceTree = "<group>";
		};
/* End PBXVariantGroup section */

/* Begin XCBuildConfiguration section */
		269B395D1C0FE55800EFA291 /* Debug */ = {
			isa = XCBuildConfiguration;
			buildSettings = {
				ALWAYS_SEARCH_USER_PATHS = NO;
				CLANG_CXX_LANGUAGE_STANDARD = "gnu++0x";
				CLANG_CXX_LIBRARY = "libc++";
				CLANG_ENABLE_MODULES = YES;
				CLANG_ENABLE_OBJC_ARC = YES;
				CLANG_WARN_BOOL_CONVERSION = YES;
				CLANG_WARN_CONSTANT_CONVERSION = YES;
				CLANG_WARN_DIRECT_OBJC_ISA_USAGE = YES_ERROR;
				CLANG_WARN_EMPTY_BODY = YES;
				CLANG_WARN_ENUM_CONVERSION = YES;
				CLANG_WARN_INT_CONVERSION = YES;
				CLANG_WARN_OBJC_ROOT_CLASS = YES_ERROR;
				CLANG_WARN_UNREACHABLE_CODE = YES;
				CLANG_WARN__DUPLICATE_METHOD_MATCH = YES;
				"CODE_SIGN_IDENTITY[sdk=iphoneos*]" = "iPhone Developer";
				COPY_PHASE_STRIP = NO;
				DEBUG_INFORMATION_FORMAT = dwarf;
				ENABLE_STRICT_OBJC_MSGSEND = YES;
				ENABLE_TESTABILITY = YES;
				GCC_C_LANGUAGE_STANDARD = gnu99;
				GCC_DYNAMIC_NO_PIC = NO;
				GCC_NO_COMMON_BLOCKS = YES;
				GCC_OPTIMIZATION_LEVEL = 0;
				GCC_PREPROCESSOR_DEFINITIONS = (
					"DEBUG=1",
					"$(inherited)",
				);
				GCC_WARN_64_TO_32_BIT_CONVERSION = YES;
				GCC_WARN_ABOUT_RETURN_TYPE = YES_ERROR;
				GCC_WARN_UNDECLARED_SELECTOR = YES;
				GCC_WARN_UNINITIALIZED_AUTOS = YES_AGGRESSIVE;
				GCC_WARN_UNUSED_FUNCTION = YES;
				GCC_WARN_UNUSED_VARIABLE = YES;
				IPHONEOS_DEPLOYMENT_TARGET = 9.1;
				MTL_ENABLE_DEBUG_INFO = YES;
				ONLY_ACTIVE_ARCH = YES;
				SDKROOT = iphoneos;
				TARGETED_DEVICE_FAMILY = "1,2";
			};
			name = Debug;
		};
		269B395E1C0FE55800EFA291 /* Release */ = {
			isa = XCBuildConfiguration;
			buildSettings = {
				ALWAYS_SEARCH_USER_PATHS = NO;
				CLANG_CXX_LANGUAGE_STANDARD = "gnu++0x";
				CLANG_CXX_LIBRARY = "libc++";
				CLANG_ENABLE_MODULES = YES;
				CLANG_ENABLE_OBJC_ARC = YES;
				CLANG_WARN_BOOL_CONVERSION = YES;
				CLANG_WARN_CONSTANT_CONVERSION = YES;
				CLANG_WARN_DIRECT_OBJC_ISA_USAGE = YES_ERROR;
				CLANG_WARN_EMPTY_BODY = YES;
				CLANG_WARN_ENUM_CONVERSION = YES;
				CLANG_WARN_INT_CONVERSION = YES;
				CLANG_WARN_OBJC_ROOT_CLASS = YES_ERROR;
				CLANG_WARN_UNREACHABLE_CODE = YES;
				CLANG_WARN__DUPLICATE_METHOD_MATCH = YES;
				"CODE_SIGN_IDENTITY[sdk=iphoneos*]" = "iPhone Developer";
				COPY_PHASE_STRIP = NO;
				DEBUG_INFORMATION_FORMAT = "dwarf-with-dsym";
				ENABLE_NS_ASSERTIONS = NO;
				ENABLE_STRICT_OBJC_MSGSEND = YES;
				GCC_C_LANGUAGE_STANDARD = gnu99;
				GCC_NO_COMMON_BLOCKS = YES;
				GCC_WARN_64_TO_32_BIT_CONVERSION = YES;
				GCC_WARN_ABOUT_RETURN_TYPE = YES_ERROR;
				GCC_WARN_UNDECLARED_SELECTOR = YES;
				GCC_WARN_UNINITIALIZED_AUTOS = YES_AGGRESSIVE;
				GCC_WARN_UNUSED_FUNCTION = YES;
				GCC_WARN_UNUSED_VARIABLE = YES;
				IPHONEOS_DEPLOYMENT_TARGET = 9.1;
				MTL_ENABLE_DEBUG_INFO = NO;
				SDKROOT = iphoneos;
				TARGETED_DEVICE_FAMILY = "1,2";
				VALIDATE_PRODUCT = YES;
			};
			name = Release;
		};
		269B39601C0FE55800EFA291 /* Debug */ = {
			isa = XCBuildConfiguration;
			buildSettings = {
				ASSETCATALOG_COMPILER_APPICON_NAME = AppIcon;
				INFOPLIST_FILE = NFLStadiums/Info.plist;
				LD_RUNPATH_SEARCH_PATHS = "$(inherited) @executable_path/Frameworks";
				PRODUCT_BUNDLE_IDENTIFIER = Sevy.NFLStadiums;
				PRODUCT_NAME = "$(TARGET_NAME)";
				TARGETED_DEVICE_FAMILY = "1,2";
			};
			name = Debug;
		};
		269B39611C0FE55800EFA291 /* Release */ = {
			isa = XCBuildConfiguration;
			buildSettings = {
				ASSETCATALOG_COMPILER_APPICON_NAME = AppIcon;
				INFOPLIST_FILE = NFLStadiums/Info.plist;
				LD_RUNPATH_SEARCH_PATHS = "$(inherited) @executable_path/Frameworks";
				PRODUCT_BUNDLE_IDENTIFIER = Sevy.NFLStadiums;
				PRODUCT_NAME = "$(TARGET_NAME)";
				TARGETED_DEVICE_FAMILY = "1,2";
			};
			name = Release;
		};
		269B39631C0FE55800EFA291 /* Debug */ = {
			isa = XCBuildConfiguration;
			buildSettings = {
				BUNDLE_LOADER = "$(TEST_HOST)";
				INFOPLIST_FILE = NFLStadiumsTests/Info.plist;
				LD_RUNPATH_SEARCH_PATHS = "$(inherited) @executable_path/Frameworks @loader_path/Frameworks";
				PRODUCT_BUNDLE_IDENTIFIER = Sevy.NFLStadiumsTests;
				PRODUCT_NAME = "$(TARGET_NAME)";
				TEST_HOST = "$(BUILT_PRODUCTS_DIR)/NFLStadiums.app/NFLStadiums";
			};
			name = Debug;
		};
		269B39641C0FE55800EFA291 /* Release */ = {
			isa = XCBuildConfiguration;
			buildSettings = {
				BUNDLE_LOADER = "$(TEST_HOST)";
				INFOPLIST_FILE = NFLStadiumsTests/Info.plist;
				LD_RUNPATH_SEARCH_PATHS = "$(inherited) @executable_path/Frameworks @loader_path/Frameworks";
				PRODUCT_BUNDLE_IDENTIFIER = Sevy.NFLStadiumsTests;
				PRODUCT_NAME = "$(TARGET_NAME)";
				TEST_HOST = "$(BUILT_PRODUCTS_DIR)/NFLStadiums.app/NFLStadiums";
			};
			name = Release;
		};
		269B39661C0FE55800EFA291 /* Debug */ = {
			isa = XCBuildConfiguration;
			buildSettings = {
				INFOPLIST_FILE = NFLStadiumsUITests/Info.plist;
				LD_RUNPATH_SEARCH_PATHS = "$(inherited) @executable_path/Frameworks @loader_path/Frameworks";
				PRODUCT_BUNDLE_IDENTIFIER = Sevy.NFLStadiumsUITests;
				PRODUCT_NAME = "$(TARGET_NAME)";
				TEST_TARGET_NAME = NFLStadiums;
				USES_XCTRUNNER = YES;
			};
			name = Debug;
		};
		269B39671C0FE55800EFA291 /* Release */ = {
			isa = XCBuildConfiguration;
			buildSettings = {
				INFOPLIST_FILE = NFLStadiumsUITests/Info.plist;
				LD_RUNPATH_SEARCH_PATHS = "$(inherited) @executable_path/Frameworks @loader_path/Frameworks";
				PRODUCT_BUNDLE_IDENTIFIER = Sevy.NFLStadiumsUITests;
				PRODUCT_NAME = "$(TARGET_NAME)";
				TEST_TARGET_NAME = NFLStadiums;
				USES_XCTRUNNER = YES;
			};
			name = Release;
		};
/* End XCBuildConfiguration section */

/* Begin XCConfigurationList section */
		269B392D1C0FE55700EFA291 /* Build configuration list for PBXProject "NFLStadiums" */ = {
			isa = XCConfigurationList;
			buildConfigurations = (
				269B395D1C0FE55800EFA291 /* Debug */,
				269B395E1C0FE55800EFA291 /* Release */,
			);
			defaultConfigurationIsVisible = 0;
			defaultConfigurationName = Release;
		};
		269B395F1C0FE55800EFA291 /* Build configuration list for PBXNativeTarget "NFLStadiums" */ = {
			isa = XCConfigurationList;
			buildConfigurations = (
				269B39601C0FE55800EFA291 /* Debug */,
				269B39611C0FE55800EFA291 /* Release */,
			);
			defaultConfigurationIsVisible = 0;
			defaultConfigurationName = Release;
		};
		269B39621C0FE55800EFA291 /* Build configuration list for PBXNativeTarget "NFLStadiumsTests" */ = {
			isa = XCConfigurationList;
			buildConfigurations = (
				269B39631C0FE55800EFA291 /* Debug */,
				269B39641C0FE55800EFA291 /* Release */,
			);
			defaultConfigurationIsVisible = 0;
			defaultConfigurationName = Release;
		};
		269B39651C0FE55800EFA291 /* Build configuration list for PBXNativeTarget "NFLStadiumsUITests" */ = {
			isa = XCConfigurationList;
			buildConfigurations = (
				269B39661C0FE55800EFA291 /* Debug */,
				269B39671C0FE55800EFA291 /* Release */,
			);
			defaultConfigurationIsVisible = 0;
			defaultConfigurationName = Release;
		};
/* End XCConfigurationList section */
	};
	rootObject = 269B392A1C0FE55700EFA291 /* Project object */;
}
